{
    "_readme": [
        "This file locks the dependencies of your project to a known state",
        "Read more about it at https://getcomposer.org/doc/01-basic-usage.md#installing-dependencies",
        "This file is @generated automatically"
    ],
    "content-hash": "4e1401b2b16f419ef25a1eecd9437f03",
    "packages": [
        {
            "name": "vyui/framework",
            "version": "dev-main",
            "source": {
                "type": "git",
                "url": "https://github.com/vyui/framework.git",
                "reference": "03f1dc570d0b34a7a35d692c305896d931c653ca"
            },
            "dist": {
                "type": "zip",
                "url": "https://api.github.com/repos/vyui/framework/zipball/03f1dc570d0b34a7a35d692c305896d931c653ca",
                "reference": "03f1dc570d0b34a7a35d692c305896d931c653ca",
                "shasum": ""
            },
            "require": {
                "php": "^8.0"
            },
            "default-branch": true,
            "type": "library",
            "autoload": {
                "files": [
                    "src/Radiate/Foundation/helpers.php"
                ],
                "psr-4": {
                    "Radiate\\": "src/Radiate/"
                }
            },
            "notification-url": "https://packagist.org/downloads/",
            "license": [
                "MIT"
            ],
            "authors": [
                {
                    "name": "Liam Taylor",
                    "email": "liamtaylor@vyui.co.uk"
                }
            ],
            "description": "The Vyui Fullstack Framework. Pronounced view-e. (Experimental and Educational).",
            "keywords": [
                "framework",
                "vyui"
            ],
            "support": {
                "issues": "https://github.com/vyui/framework/issues",
                "source": "https://github.com/vyui/framework"
            },
            "time": "2021-09-16T11:58:25+00:00"
        }
    ],
    "packages-dev": [],
    "aliases": [],
    "minimum-stability": "dev",
    "stability-flags": [],
    "prefer-stable": true,
    "prefer-lowest": false,
    "platform": {
        "php": "^8.0"
    },
    "platform-dev": [],
    "plugin-api-version": "2.0.0"
}
